{
	"name": "missing-native-js-functions",
	"version": "1.0.3",
	"lockfileVersion": 2,
	"requires": true,
	"packages": {
		"": {
			"name": "missing-native-js-functions",
			"version": "1.0.3",
			"license": "ISC",
			"devDependencies": {
				"@types/node": "^14.14.14"
			}
		},
		"node_modules/@types/node": {
			"version": "14.14.14",
			"resolved": "https://registry.npmjs.org/@types/node/-/node-14.14.14.tgz",
			"integrity": "sha512-UHnOPWVWV1z+VV8k6L1HhG7UbGBgIdghqF3l9Ny9ApPghbjICXkUJSd/b9gOgQfjM1r+37cipdw/HJ3F6ICEnQ==",
			"dev": true
		}
	},
	"dependencies": {
		"@types/node": {
			"version": "14.14.14",
			"resolved": "https://registry.npmjs.org/@types/node/-/node-14.14.14.tgz",
			"integrity": "sha512-UHnOPWVWV1z+VV8k6L1HhG7UbGBgIdghqF3l9Ny9ApPghbjICXkUJSd/b9gOgQfjM1r+37cipdw/HJ3F6ICEnQ==",
			"dev": true
		}
	}
}
